
Microsoft Visual Studio Solution File, Format Version 12.00
# Visual Studio Version 16
VisualStudioVersion = 16.0.30413.136
MinimumVisualStudioVersion = 10.0.40219.1
Project("{FAE04EC0-301F-11D3-BF4B-00C04F79EFBC}") = "OCP", "OCP.csproj", "{AAF59B7F-B41B-4CE3-B7DE-7BCECBD98E3F}"
EndProject
Global
	GlobalSection(SolutionConfigurationPlatforms) = preSolution
		Debug|Any CPU = Debug|Any CPU
		Release|Any CPU = Release|Any CPU
	EndGlobalSection
	GlobalSection(ProjectConfigurationPlatforms) = postSolution
		{AAF59B7F-B41B-4CE3-B7DE-7BCECBD98E3F}.Debug|Any CPU.ActiveCfg = Debug|Any CPU
		{AAF59B7F-B41B-4CE3-B7DE-7BCECBD98E3F}.Debug|Any CPU.Build.0 = Debug|Any CPU
		{AAF59B7F-B41B-4CE3-B7DE-7BCECBD98E3F}.Release|Any CPU.ActiveCfg = Release|Any CPU
		{AAF59B7F-B41B-4CE3-B7DE-7BCECBD98E3F}.Release|Any CPU.Build.0 = Release|Any CPU
	EndGlobalSection
	GlobalSection(SolutionProperties) = preSolution
		HideSolutionNode = FALSE
	EndGlobalSection
	GlobalSection(ExtensibilityGlobals) = postSolution
		SolutionGuid = {ADCE1C6C-C079-45EC-8C92-FF88049F9DC2}
	EndGlobalSection
EndGlobal
