
Microsoft Visual Studio Solution File, Format Version 12.00
# Visual Studio Version 16
VisualStudioVersion = 16.0.30413.136
MinimumVisualStudioVersion = 10.0.40219.1
Project("{FAE04EC0-301F-11D3-BF4B-00C04F79EFBC}") = "ConsoleApp1", "ConsoleApp1.csproj", "{3D73B20B-107F-420F-AE6C-412F480A067E}"
EndProject
Global
	GlobalSection(SolutionConfigurationPlatforms) = preSolution
		Debug|Any CPU = Debug|Any CPU
		Release|Any CPU = Release|Any CPU
	EndGlobalSection
	GlobalSection(ProjectConfigurationPlatforms) = postSolution
		{3D73B20B-107F-420F-AE6C-412F480A067E}.Debug|Any CPU.ActiveCfg = Debug|Any CPU
		{3D73B20B-107F-420F-AE6C-412F480A067E}.Debug|Any CPU.Build.0 = Debug|Any CPU
		{3D73B20B-107F-420F-AE6C-412F480A067E}.Release|Any CPU.ActiveCfg = Release|Any CPU
		{3D73B20B-107F-420F-AE6C-412F480A067E}.Release|Any CPU.Build.0 = Release|Any CPU
	EndGlobalSection
	GlobalSection(SolutionProperties) = preSolution
		HideSolutionNode = FALSE
	EndGlobalSection
	GlobalSection(ExtensibilityGlobals) = postSolution
		SolutionGuid = {598E775F-5150-4FFE-968F-24B5464CAD39}
	EndGlobalSection
EndGlobal
